# This is a Gradle generated file for dependency locking.
# Manual edits can break the build and are not advised.
# This file is expected to be part of source control.
au.com.dius.pact.consumer:junit5:4.6.17=testCompileClasspath,testRuntimeClasspath
au.com.dius.pact.core:matchers:4.6.17=testCompileClasspath,testRuntimeClasspath
au.com.dius.pact.core:model:4.6.17=testCompileClasspath,testRuntimeClasspath
au.com.dius.pact.core:pactbroker:4.6.17=testCompileClasspath,testRuntimeClasspath
au.com.dius.pact.core:support:4.6.17=testCompileClasspath,testRuntimeClasspath
au.com.dius.pact:consumer:4.6.17=testCompileClasspath,testRuntimeClasspath
ch.qos.logback:logback-classic:1.5.25=runtimeClasspath,testRuntimeClasspath
ch.qos.logback:logback-core:1.5.25=runtimeClasspath,testRuntimeClasspath
com.fasterxml.jackson.core:jackson-annotations:2.21=compileClasspath,runtimeClasspath,testCompileClasspath,testRuntimeClasspath
com.fasterxml.jackson.core:jackson-core:2.21.1=compileClasspath,runtimeClasspath,testCompileClasspath,testRuntimeClasspath
com.fasterxml.jackson.core:jackson-databind:2.21.1=compileClasspath,runtimeClasspath,testCompileClasspath,testRuntimeClasspath
com.fasterxml.jackson.datatype:jackson-datatype-jsr310:2.21.1=compileClasspath,runtimeClasspath,testCompileClasspath,testRuntimeClasspath
com.fasterxml.jackson:jackson-bom:2.21.1=compileClasspath,runtimeClasspath,testCompileClasspath,testRuntimeClasspath
com.github.ajalt:colormath:1.2.0=testRuntimeClasspath
com.github.ajalt:mordant:1.2.1=testRuntimeClasspath
com.github.curious-odd-man:rgxgen:3.1=testCompileClasspath,testRuntimeClasspath
com.github.docker-java:docker-java-api:3.3.6=testCompileClasspath,testRuntimeClasspath
com.github.docker-java:docker-java-transport-zerodep:3.3.6=testCompileClasspath,testRuntimeClasspath
com.github.docker-java:docker-java-transport:3.3.6=testCompileClasspath,testRuntimeClasspath
com.github.java-json-tools:btf:1.3=compileClasspath,runtimeClasspath,testCompileClasspath,testRuntimeClasspath
com.github.java-json-tools:jackson-coreutils-equivalence:1.0=compileClasspath,runtimeClasspath,testCompileClasspath,testRuntimeClasspath
com.github.java-json-tools:jackson-coreutils:2.0=compileClasspath,runtimeClasspath,testCompileClasspath,testRuntimeClasspath
com.github.java-json-tools:json-schema-core:1.2.14=compileClasspath,runtimeClasspath,testCompileClasspath,testRuntimeClasspath
com.github.java-json-tools:json-schema-validator:2.2.14=compileClasspath,runtimeClasspath,testCompileClasspath,testRuntimeClasspath
com.github.java-json-tools:msg-simple:1.2=compileClasspath,runtimeClasspath,testCompileClasspath,testRuntimeClasspath
com.github.java-json-tools:uri-template:0.10=compileClasspath,runtimeClasspath,testCompileClasspath,testRuntimeClasspath
com.github.mifmif:generex:1.0.2=testRuntimeClasspath
com.github.spotbugs:spotbugs-annotations:4.9.8=compileClasspath,spotbugs,testCompileClasspath
com.github.spotbugs:spotbugs:4.9.8=spotbugs
com.github.stephenc.jcip:jcip-annotations:1.0-1=spotbugs
com.github.zafarkhaja:java-semver:0.9.0=testRuntimeClasspath
com.google.android:annotations:4.1.1.4=testRuntimeClasspath
com.google.api.grpc:proto-google-common-protos:2.41.0=testRuntimeClasspath
com.google.code.findbugs:jsr305:3.0.2=compileClasspath,runtimeClasspath,spotbugs,spotless865459188,testCompileClasspath,testRuntimeClasspath
com.google.code.gson:gson:2.11.0=testRuntimeClasspath
com.google.code.gson:gson:2.13.2=spotbugs
com.google.errorprone:error_prone_annotations:2.21.1=spotless865459188
com.google.errorprone:error_prone_annotations:2.26.1=compileClasspath,runtimeClasspath,testCompileClasspath
com.google.errorprone:error_prone_annotations:2.28.0=testRuntimeClasspath
com.google.errorprone:error_prone_annotations:2.41.0=spotbugs
com.google.googlejavaformat:google-java-format:1.19.2=spotless865459188
com.google.guava:failureaccess:1.0.1=spotless865459188
com.google.guava:failureaccess:1.0.2=compileClasspath,runtimeClasspath,testCompileClasspath,testRuntimeClasspath
com.google.guava:guava:32.1.3-jre=spotless865459188
com.google.guava:guava:33.2.1-jre=compileClasspath,runtimeClasspath,testCompileClasspath,testRuntimeClasspath
com.google.guava:listenablefuture:9999.0-empty-to-avoid-conflict-with-guava=compileClasspath,runtimeClasspath,spotless865459188,testCompileClasspath,testRuntimeClasspath
com.google.j2objc:j2objc-annotations:3.0.0=compileClasspath,testCompileClasspath
com.google.protobuf:protobuf-java:3.25.5=testRuntimeClasspath
com.googlecode.java-diff-utils:diffutils:1.3.0=testRuntimeClasspath
com.googlecode.libphonenumber:libphonenumber:8.11.1=compileClasspath,runtimeClasspath
com.googlecode.libphonenumber:libphonenumber:9.0.23=testCompileClasspath,testRuntimeClasspath
com.sun.mail:mailapi:1.6.2=compileClasspath,runtimeClasspath,testCompileClasspath,testRuntimeClasspath
com.typesafe:config:1.4.3=testRuntimeClasspath
com.vdurmont:semver4j:3.1.0=testRuntimeClasspath
commons-beanutils:commons-beanutils:1.11.0=testRuntimeClasspath
commons-codec:commons-codec:1.11=compileClasspath,runtimeClasspath,testCompileClasspath
commons-codec:commons-codec:1.17.0=testRuntimeClasspath
commons-collections:commons-collections:3.2.2=testRuntimeClasspath
commons-io:commons-io:2.20.0=spotbugs,testCompileClasspath,testRuntimeClasspath
commons-logging:commons-logging:1.2=compileClasspath,runtimeClasspath,testCompileClasspath
commons-logging:commons-logging:1.3.5=testRuntimeClasspath
dk.brics.automaton:automaton:1.11-8=testRuntimeClasspath
io.github.java-diff-utils:java-diff-utils:4.12=testRuntimeClasspath
io.github.oshai:kotlin-logging-jvm:5.1.4=testCompileClasspath
io.github.oshai:kotlin-logging-jvm:6.0.9=testRuntimeClasspath
io.grpc:grpc-api:1.66.0=testRuntimeClasspath
io.grpc:grpc-context:1.66.0=testRuntimeClasspath
io.grpc:grpc-core:1.66.0=testRuntimeClasspath
io.grpc:grpc-netty:1.66.0=testRuntimeClasspath
io.grpc:grpc-protobuf-lite:1.66.0=testRuntimeClasspath
io.grpc:grpc-protobuf:1.66.0=testRuntimeClasspath
io.grpc:grpc-stub:1.66.0=testRuntimeClasspath
io.grpc:grpc-util:1.66.0=testRuntimeClasspath
io.hotmoka:toml4j:0.7.3=testRuntimeClasspath
io.ktor:ktor-events-jvm:2.3.8=testRuntimeClasspath
io.ktor:ktor-events:2.3.8=testRuntimeClasspath
io.ktor:ktor-http-cio-jvm:2.3.8=testRuntimeClasspath
io.ktor:ktor-http-cio:2.3.8=testRuntimeClasspath
io.ktor:ktor-http-jvm:2.3.8=testRuntimeClasspath
io.ktor:ktor-http:2.3.8=testRuntimeClasspath
io.ktor:ktor-io-jvm:2.3.8=testRuntimeClasspath
io.ktor:ktor-io:2.3.8=testRuntimeClasspath
io.ktor:ktor-network-jvm:2.3.8=testRuntimeClasspath
io.ktor:ktor-network-tls-certificates-jvm:2.3.8=testRuntimeClasspath
io.ktor:ktor-network-tls-certificates:2.3.8=testRuntimeClasspath
io.ktor:ktor-network-tls-jvm:2.3.8=testRuntimeClasspath
io.ktor:ktor-network-tls:2.3.8=testRuntimeClasspath
io.ktor:ktor-network:2.3.8=testRuntimeClasspath
io.ktor:ktor-serialization-jvm:2.3.8=testRuntimeClasspath
io.ktor:ktor-serialization:2.3.8=testRuntimeClasspath
io.ktor:ktor-server-call-logging-jvm:2.3.8=testRuntimeClasspath
io.ktor:ktor-server-call-logging:2.3.8=testRuntimeClasspath
io.ktor:ktor-server-core-jvm:2.3.8=testRuntimeClasspath
io.ktor:ktor-server-core:2.3.8=testRuntimeClasspath
io.ktor:ktor-server-host-common-jvm:2.3.8=testRuntimeClasspath
io.ktor:ktor-server-host-common:2.3.8=testRuntimeClasspath
io.ktor:ktor-server-netty-jvm:2.3.8=testRuntimeClasspath
io.ktor:ktor-server-netty:2.3.8=testRuntimeClasspath
io.ktor:ktor-utils-jvm:2.3.8=testRuntimeClasspath
io.ktor:ktor-utils:2.3.8=testRuntimeClasspath
io.ktor:ktor-websockets-jvm:2.3.8=testRuntimeClasspath
io.ktor:ktor-websockets:2.3.8=testRuntimeClasspath
io.netty:netty-bom:4.1.135.Final=testCompileClasspath,testRuntimeClasspath
io.netty:netty-buffer:4.1.135.Final=testRuntimeClasspath
io.netty:netty-codec-http2:4.1.135.Final=testRuntimeClasspath
io.netty:netty-codec-http:4.1.135.Final=testRuntimeClasspath
io.netty:netty-codec-socks:4.1.135.Final=testRuntimeClasspath
io.netty:netty-codec:4.1.135.Final=testRuntimeClasspath
io.netty:netty-common:4.1.135.Final=testRuntimeClasspath
io.netty:netty-handler-proxy:4.1.135.Final=testRuntimeClasspath
io.netty:netty-handler:4.1.135.Final=testRuntimeClasspath
io.netty:netty-resolver:4.1.135.Final=testRuntimeClasspath
io.netty:netty-transport-classes-epoll:4.1.135.Final=testRuntimeClasspath
io.netty:netty-transport-classes-kqueue:4.1.135.Final=testRuntimeClasspath
io.netty:netty-transport-native-epoll:4.1.135.Final=testRuntimeClasspath
io.netty:netty-transport-native-kqueue:4.1.135.Final=testRuntimeClasspath
io.netty:netty-transport-native-unix-common:4.1.135.Final=testRuntimeClasspath
io.netty:netty-transport:4.1.135.Final=testRuntimeClasspath
io.pact.plugin.driver:core:0.5.1=testRuntimeClasspath
io.perfmark:perfmark-api:0.27.0=testRuntimeClasspath
io.qameta.allure:allure-attachments:2.35.2=compileClasspath,runtimeClasspath,testCompileClasspath,testRuntimeClasspath
io.qameta.allure:allure-commandline:2.25.0=allureCommandline
io.qameta.allure:allure-java-commons:2.35.2=compileClasspath,runtimeClasspath,testCompileClasspath,testRuntimeClasspath
io.qameta.allure:allure-junit-platform:2.35.2=testCompileClasspath,testRuntimeClasspath
io.qameta.allure:allure-junit4-aspect:2.25.0=testRuntimeClasspath
io.qameta.allure:allure-junit4:2.25.0=testCompileClasspath,testRuntimeClasspath
io.qameta.allure:allure-junit5:2.35.2=testCompileClasspath,testRuntimeClasspath
io.qameta.allure:allure-jupiter:2.35.2=testCompileClasspath,testRuntimeClasspath
io.qameta.allure:allure-model:2.35.2=compileClasspath,runtimeClasspath,testCompileClasspath,testRuntimeClasspath
io.qameta.allure:allure-rest-assured:2.35.2=compileClasspath,runtimeClasspath,testCompileClasspath,testRuntimeClasspath
io.qameta.allure:allure-test-filter:2.35.2=testRuntimeClasspath
io.rest-assured:json-path:6.0.0=compileClasspath,runtimeClasspath,testCompileClasspath,testRuntimeClasspath
io.rest-assured:json-schema-validator:6.0.0=compileClasspath,runtimeClasspath,testCompileClasspath,testRuntimeClasspath
io.rest-assured:rest-assured-common:6.0.0=compileClasspath,runtimeClasspath,testCompileClasspath,testRuntimeClasspath
io.rest-assured:rest-assured:6.0.0=compileClasspath,runtimeClasspath,testCompileClasspath,testRuntimeClasspath
io.rest-assured:xml-path:6.0.0=compileClasspath,runtimeClasspath,testCompileClasspath,testRuntimeClasspath
javax.activation:activation:1.1=testRuntimeClasspath
javax.mail:mail:1.5.0-b01=testRuntimeClasspath
jaxen:jaxen:2.0.0=spotbugs
joda-time:joda-time:2.10.5=compileClasspath,runtimeClasspath,testCompileClasspath,testRuntimeClasspath
junit:junit:4.13.2=testCompileClasspath,testRuntimeClasspath
net.bytebuddy:byte-buddy:1.18.3=testCompileClasspath,testRuntimeClasspath
net.datafaker:datafaker:2.5.4=testCompileClasspath,testRuntimeClasspath
net.java.dev.jna:jna:5.13.0=testCompileClasspath,testRuntimeClasspath
net.sf.jopt-simple:jopt-simple:5.0.4=compileClasspath,runtimeClasspath,testCompileClasspath,testRuntimeClasspath
net.sf.saxon:Saxon-HE:12.9=spotbugs
org.aeonbits.owner:owner:1.0.12=compileClasspath,runtimeClasspath,testCompileClasspath,testRuntimeClasspath
org.apache.bcel:bcel:6.11.0=spotbugs
org.apache.commons:commons-collections4:4.4=testRuntimeClasspath
org.apache.commons:commons-compress:1.26.0=testCompileClasspath
org.apache.commons:commons-compress:1.26.1=testRuntimeClasspath
org.apache.commons:commons-lang3:3.19.0=compileClasspath,runtimeClasspath,spotbugs,testCompileClasspath,testRuntimeClasspath
org.apache.commons:commons-text:1.10.0=testRuntimeClasspath
org.apache.commons:commons-text:1.14.0=spotbugs
org.apache.groovy:groovy-bom:5.0.3=compileClasspath,runtimeClasspath,testCompileClasspath,testRuntimeClasspath
org.apache.groovy:groovy-json:5.0.3=compileClasspath,runtimeClasspath,testCompileClasspath,testRuntimeClasspath
org.apache.groovy:groovy-xml:5.0.3=compileClasspath,runtimeClasspath,testCompileClasspath,testRuntimeClasspath
org.apache.groovy:groovy:5.0.3=compileClasspath,runtimeClasspath,testCompileClasspath,testRuntimeClasspath
org.apache.httpcomponents.client5:httpclient5-fluent:5.3.1=testCompileClasspath,testRuntimeClasspath
org.apache.httpcomponents.client5:httpclient5:5.3.1=testCompileClasspath,testRuntimeClasspath
org.apache.httpcomponents.core5:httpcore5-h2:5.2.4=testCompileClasspath,testRuntimeClasspath
org.apache.httpcomponents.core5:httpcore5:5.2.4=testCompileClasspath,testRuntimeClasspath
org.apache.httpcomponents:httpclient:4.5.13=compileClasspath,runtimeClasspath,testCompileClasspath,testRuntimeClasspath
org.apache.httpcomponents:httpcore:4.4.13=compileClasspath,runtimeClasspath,testCompileClasspath,testRuntimeClasspath
org.apache.httpcomponents:httpmime:4.5.13=compileClasspath,runtimeClasspath,testCompileClasspath,testRuntimeClasspath
org.apache.logging.log4j:log4j-api:2.25.4=spotbugs
org.apache.logging.log4j:log4j-core:2.25.4=spotbugs
org.apache.tika:tika-core:3.2.2=testCompileClasspath,testRuntimeClasspath
org.apiguardian:apiguardian-api:1.1.2=testCompileClasspath
org.aspectj:aspectjrt:1.9.9.1=testRuntimeClasspath
org.aspectj:aspectjweaver:1.9.9.1=allureAspectjWeaverAgent
org.assertj:assertj-core:3.27.7=testCompileClasspath,testRuntimeClasspath
org.atteo:evo-inflector:1.3=testRuntimeClasspath
org.ccil.cowan.tagsoup:tagsoup:1.2.1=compileClasspath,runtimeClasspath,testCompileClasspath,testRuntimeClasspath
org.checkerframework:checker-qual:3.37.0=spotless865459188
org.checkerframework:checker-qual:3.42.0=compileClasspath,runtimeClasspath,testCompileClasspath,testRuntimeClasspath
org.codehaus.mojo:animal-sniffer-annotations:1.24=testRuntimeClasspath
org.dom4j:dom4j:2.2.0=spotbugs
org.eclipse.jetty.alpn:alpn-api:1.1.3.v20160715=testRuntimeClasspath
org.freemarker:freemarker:2.3.33=runtimeClasspath,testRuntimeClasspath
org.fusesource.jansi:jansi:2.4.1=testRuntimeClasspath
org.hamcrest:hamcrest-core:1.3=testCompileClasspath,testRuntimeClasspath
org.hamcrest:hamcrest:2.2=compileClasspath,runtimeClasspath,testCompileClasspath,testRuntimeClasspath
org.jetbrains.kotlin:kotlin-bom:1.8.22=testRuntimeClasspath
org.jetbrains.kotlin:kotlin-reflect:1.8.22=testRuntimeClasspath
org.jetbrains.kotlin:kotlin-stdlib-common:1.8.22=testCompileClasspath
org.jetbrains.kotlin:kotlin-stdlib-common:1.9.23=testRuntimeClasspath
org.jetbrains.kotlin:kotlin-stdlib-jdk7:1.8.22=testCompileClasspath,testRuntimeClasspath
org.jetbrains.kotlin:kotlin-stdlib-jdk8:1.8.22=testCompileClasspath,testRuntimeClasspath
org.jetbrains.kotlin:kotlin-stdlib:1.8.22=testCompileClasspath
org.jetbrains.kotlin:kotlin-stdlib:1.9.23=testRuntimeClasspath
org.jetbrains.kotlinx:kotlinx-coroutines-bom:1.7.1=testRuntimeClasspath
org.jetbrains.kotlinx:kotlinx-coroutines-core-jvm:1.7.1=testRuntimeClasspath
org.jetbrains.kotlinx:kotlinx-coroutines-core:1.7.1=testRuntimeClasspath
org.jetbrains.kotlinx:kotlinx-coroutines-jdk8:1.7.1=testRuntimeClasspath
org.jetbrains.kotlinx:kotlinx-coroutines-slf4j:1.7.1=testRuntimeClasspath
org.jetbrains:annotations:17.0.0=testCompileClasspath
org.jetbrains:annotations:23.0.0=testRuntimeClasspath
org.json:json:20240205=testCompileClasspath,testRuntimeClasspath
org.junit.jupiter:junit-jupiter-api:5.10.2=testCompileClasspath
org.junit.jupiter:junit-jupiter-api:5.10.3=testRuntimeClasspath
org.junit.jupiter:junit-jupiter-engine:5.10.3=testRuntimeClasspath
org.junit.jupiter:junit-jupiter-params:5.10.2=testCompileClasspath
org.junit.jupiter:junit-jupiter-params:5.10.3=testRuntimeClasspath
org.junit.jupiter:junit-jupiter:5.10.2=testCompileClasspath
org.junit.jupiter:junit-jupiter:5.10.3=testRuntimeClasspath
org.junit.platform:junit-platform-commons:1.10.2=testCompileClasspath
org.junit.platform:junit-platform-commons:1.10.3=testRuntimeClasspath
org.junit.platform:junit-platform-engine:1.10.3=testRuntimeClasspath
org.junit.platform:junit-platform-launcher:1.10.3=testRuntimeClasspath
org.junit:junit-bom:5.10.2=testCompileClasspath
org.junit:junit-bom:5.10.3=testRuntimeClasspath
org.junit:junit-bom:5.14.0=spotbugs
org.mozilla:rhino:1.7.14.1=compileClasspath,runtimeClasspath,testCompileClasspath,testRuntimeClasspath
org.opentest4j:opentest4j:1.3.0=testCompileClasspath,testRuntimeClasspath
org.ow2.asm:asm-analysis:9.9=spotbugs
org.ow2.asm:asm-commons:9.9=spotbugs
org.ow2.asm:asm-tree:9.9=spotbugs
org.ow2.asm:asm-util:9.9=spotbugs
org.ow2.asm:asm:9.9=spotbugs
org.projectlombok:lombok:1.18.44=annotationProcessor,compileClasspath,lombok,testAnnotationProcessor,testCompileClasspath
org.rauschig:jarchivelib:1.2.0=testRuntimeClasspath
org.rnorth.duct-tape:duct-tape:1.0.8=testCompileClasspath,testRuntimeClasspath
org.slf4j:slf4j-api:2.0.17=compileClasspath,runtimeClasspath,spotbugs,spotbugsSlf4j,testCompileClasspath,testRuntimeClasspath
org.slf4j:slf4j-simple:2.0.17=spotbugsSlf4j
org.testcontainers:junit-jupiter:1.19.7=testCompileClasspath,testRuntimeClasspath
org.testcontainers:testcontainers:1.19.7=testCompileClasspath,testRuntimeClasspath
org.wiremock:wiremock-standalone:3.13.2=testCompileClasspath,testRuntimeClasspath
org.xmlresolver:xmlresolver:5.3.3=spotbugs
org.yaml:snakeyaml:2.5=testCompileClasspath,testRuntimeClasspath
empty=allureGenerateCategories,allureRawResultDirs,allureReport,cyclonedxBom,spotbugsPlugins
