# This is a Gradle generated file for dependency locking.
# Manual edits can break the build and are not advised.
# This file is expected to be part of source control.
au.com.dius.pact.consumer:junit5:4.6.17=testCompileClasspath,testRuntimeClasspath,tmpTestImplementation
au.com.dius.pact.core:matchers:4.6.17=testCompileClasspath,testRuntimeClasspath,tmpTestImplementation
au.com.dius.pact.core:model:4.6.17=testCompileClasspath,testRuntimeClasspath,tmpTestImplementation
au.com.dius.pact.core:pactbroker:4.6.17=testCompileClasspath,testRuntimeClasspath,tmpTestImplementation
au.com.dius.pact.core:support:4.6.17=testCompileClasspath,testRuntimeClasspath,tmpTestImplementation
au.com.dius.pact.provider:junit5:4.6.17=testCompileClasspath,testRuntimeClasspath,tmpTestImplementation
au.com.dius.pact:consumer:4.6.17=testCompileClasspath,testRuntimeClasspath,tmpTestImplementation
au.com.dius.pact:provider:4.6.17=testCompileClasspath,testRuntimeClasspath,tmpTestImplementation
ch.qos.logback:logback-classic:1.5.37=runtimeClasspath,testRuntimeClasspath
ch.qos.logback:logback-core:1.5.37=runtimeClasspath,testRuntimeClasspath
com.atlassian.oai:swagger-request-validator-core:2.45.1=testCompileClasspath,testRuntimeClasspath,tmpTestImplementation
com.atlassian.oai:swagger-request-validator-restassured:2.45.1=testCompileClasspath,testRuntimeClasspath,tmpTestImplementation
com.fasterxml.jackson.core:jackson-annotations:2.19.0=tmpTestImplementation
com.fasterxml.jackson.core:jackson-annotations:2.22=compileClasspath,runtimeClasspath,testCompileClasspath,testRuntimeClasspath
com.fasterxml.jackson.core:jackson-core:2.19.0=tmpTestImplementation
com.fasterxml.jackson.core:jackson-core:2.22.0=compileClasspath,runtimeClasspath,testCompileClasspath,testRuntimeClasspath
com.fasterxml.jackson.core:jackson-databind:2.19.0=tmpTestImplementation
com.fasterxml.jackson.core:jackson-databind:2.22.0=compileClasspath,runtimeClasspath,testCompileClasspath,testRuntimeClasspath
com.fasterxml.jackson.dataformat:jackson-dataformat-yaml:2.19.0=tmpTestImplementation
com.fasterxml.jackson.dataformat:jackson-dataformat-yaml:2.22.0=testCompileClasspath,testRuntimeClasspath
com.fasterxml.jackson.datatype:jackson-datatype-jdk8:2.19.0=tmpTestImplementation
com.fasterxml.jackson.datatype:jackson-datatype-jdk8:2.22.0=testCompileClasspath,testRuntimeClasspath
com.fasterxml.jackson.datatype:jackson-datatype-jsr310:2.19.0=tmpTestImplementation
com.fasterxml.jackson.datatype:jackson-datatype-jsr310:2.22.0=compileClasspath,runtimeClasspath,testCompileClasspath,testRuntimeClasspath
com.fasterxml.jackson:jackson-bom:2.19.0=tmpTestImplementation
com.fasterxml.jackson:jackson-bom:2.22.0=compileClasspath,runtimeClasspath,testCompileClasspath,testRuntimeClasspath
com.github.ajalt:colormath:1.2.0=testRuntimeClasspath,tmpTestImplementation
com.github.ajalt:mordant:1.2.1=testRuntimeClasspath,tmpTestImplementation
com.github.curious-odd-man:rgxgen:3.1=testCompileClasspath,testRuntimeClasspath,tmpTestImplementation
com.github.docker-java:docker-java-api:3.3.6=testCompileClasspath,testRuntimeClasspath,tmpTestImplementation
com.github.docker-java:docker-java-transport-zerodep:3.3.6=testCompileClasspath,testRuntimeClasspath,tmpTestImplementation
com.github.docker-java:docker-java-transport:3.3.6=testCompileClasspath,testRuntimeClasspath,tmpTestImplementation
com.github.java-json-tools:btf:1.3=compileClasspath,runtimeClasspath,testCompileClasspath,testRuntimeClasspath,tmpTestImplementation
com.github.java-json-tools:jackson-coreutils-equivalence:1.0=compileClasspath,runtimeClasspath,testCompileClasspath,testRuntimeClasspath,tmpTestImplementation
com.github.java-json-tools:jackson-coreutils:2.0=compileClasspath,runtimeClasspath,testCompileClasspath,testRuntimeClasspath,tmpTestImplementation
com.github.java-json-tools:json-patch:1.13=testCompileClasspath,testRuntimeClasspath,tmpTestImplementation
com.github.java-json-tools:json-schema-core:1.2.14=compileClasspath,runtimeClasspath,testCompileClasspath,testRuntimeClasspath,tmpTestImplementation
com.github.java-json-tools:json-schema-validator:2.2.14=compileClasspath,runtimeClasspath,testCompileClasspath,testRuntimeClasspath,tmpTestImplementation
com.github.java-json-tools:msg-simple:1.2=compileClasspath,runtimeClasspath,testCompileClasspath,testRuntimeClasspath,tmpTestImplementation
com.github.java-json-tools:uri-template:0.10=compileClasspath,runtimeClasspath,testCompileClasspath,testRuntimeClasspath,tmpTestImplementation
com.github.mifmif:generex:1.0.2=testRuntimeClasspath,tmpTestImplementation
com.github.spotbugs:spotbugs-annotations:4.10.2=compileClasspath,testCompileClasspath
com.github.spotbugs:spotbugs-annotations:4.9.8=spotbugs
com.github.spotbugs:spotbugs:4.9.8=spotbugs
com.github.stephenc.jcip:jcip-annotations:1.0-1=spotbugs
com.github.zafarkhaja:java-semver:0.9.0=testRuntimeClasspath,tmpTestImplementation
com.google.android:annotations:4.1.1.4=testRuntimeClasspath,tmpTestImplementation
com.google.api.grpc:proto-google-common-protos:2.41.0=testRuntimeClasspath,tmpTestImplementation
com.google.code.findbugs:jsr305:3.0.2=compileClasspath,runtimeClasspath,spotbugs,spotless865459188,testCompileClasspath,testRuntimeClasspath,tmpTestImplementation
com.google.code.gson:gson:2.11.0=testRuntimeClasspath,tmpTestImplementation
com.google.code.gson:gson:2.13.2=spotbugs
com.google.errorprone:error_prone_annotations:2.21.1=spotless865459188
com.google.errorprone:error_prone_annotations:2.26.1=compileClasspath,runtimeClasspath
com.google.errorprone:error_prone_annotations:2.28.0=testCompileClasspath,testRuntimeClasspath,tmpTestImplementation
com.google.errorprone:error_prone_annotations:2.41.0=spotbugs
com.google.googlejavaformat:google-java-format:1.19.2=spotless865459188
com.google.guava:failureaccess:1.0.1=spotless865459188
com.google.guava:failureaccess:1.0.2=compileClasspath,runtimeClasspath,testCompileClasspath,testRuntimeClasspath,tmpTestImplementation
com.google.guava:guava:32.1.3-jre=spotless865459188
com.google.guava:guava:33.2.1-jre=compileClasspath,runtimeClasspath
com.google.guava:guava:33.3.1-jre=testCompileClasspath,testRuntimeClasspath,tmpTestImplementation
com.google.guava:listenablefuture:9999.0-empty-to-avoid-conflict-with-guava=compileClasspath,runtimeClasspath,spotless865459188,testCompileClasspath,testRuntimeClasspath,tmpTestImplementation
com.google.j2objc:j2objc-annotations:3.0.0=compileClasspath,testCompileClasspath,testRuntimeClasspath,tmpTestImplementation
com.google.protobuf:protobuf-java:3.25.3=tmpTestImplementation
com.google.protobuf:protobuf-java:3.25.5=testRuntimeClasspath
com.googlecode.java-diff-utils:diffutils:1.3.0=testRuntimeClasspath,tmpTestImplementation
com.googlecode.libphonenumber:libphonenumber:8.11.1=compileClasspath,runtimeClasspath
com.googlecode.libphonenumber:libphonenumber:9.0.23=testCompileClasspath,testRuntimeClasspath,tmpTestImplementation
com.michael-bull.kotlin-result:kotlin-result-jvm:1.1.14=testRuntimeClasspath,tmpTestImplementation
com.michael-bull.kotlin-result:kotlin-result:1.1.14=testRuntimeClasspath,tmpTestImplementation
com.sun.mail:mailapi:1.6.2=compileClasspath,runtimeClasspath,testCompileClasspath,testRuntimeClasspath,tmpTestImplementation
com.typesafe:config:1.4.3=testRuntimeClasspath,tmpTestImplementation
com.vdurmont:semver4j:3.1.0=testRuntimeClasspath,tmpTestImplementation
com.vladsch.flexmark:flexmark-ext-tables:0.62.2=testRuntimeClasspath,tmpTestImplementation
com.vladsch.flexmark:flexmark-util-ast:0.62.2=testRuntimeClasspath,tmpTestImplementation
com.vladsch.flexmark:flexmark-util-builder:0.62.2=testRuntimeClasspath,tmpTestImplementation
com.vladsch.flexmark:flexmark-util-collection:0.62.2=testRuntimeClasspath,tmpTestImplementation
com.vladsch.flexmark:flexmark-util-data:0.62.2=testRuntimeClasspath,tmpTestImplementation
com.vladsch.flexmark:flexmark-util-dependency:0.62.2=testRuntimeClasspath,tmpTestImplementation
com.vladsch.flexmark:flexmark-util-format:0.62.2=testRuntimeClasspath,tmpTestImplementation
com.vladsch.flexmark:flexmark-util-html:0.62.2=testRuntimeClasspath,tmpTestImplementation
com.vladsch.flexmark:flexmark-util-misc:0.62.2=testRuntimeClasspath,tmpTestImplementation
com.vladsch.flexmark:flexmark-util-options:0.62.2=testRuntimeClasspath,tmpTestImplementation
com.vladsch.flexmark:flexmark-util-sequence:0.62.2=testRuntimeClasspath,tmpTestImplementation
com.vladsch.flexmark:flexmark-util-visitor:0.62.2=testRuntimeClasspath,tmpTestImplementation
com.vladsch.flexmark:flexmark-util:0.62.2=testRuntimeClasspath,tmpTestImplementation
com.vladsch.flexmark:flexmark:0.62.2=testRuntimeClasspath,tmpTestImplementation
commons-beanutils:commons-beanutils:1.11.0=testRuntimeClasspath
commons-beanutils:commons-beanutils:1.9.4=tmpTestImplementation
commons-codec:commons-codec:1.11=compileClasspath,runtimeClasspath,testCompileClasspath
commons-codec:commons-codec:1.17.0=testRuntimeClasspath,tmpTestImplementation
commons-collections:commons-collections:3.2.2=testRuntimeClasspath,tmpTestImplementation
commons-io:commons-io:2.20.0=spotbugs,testCompileClasspath,testRuntimeClasspath,tmpTestImplementation
commons-logging:commons-logging:1.2=compileClasspath,runtimeClasspath,testCompileClasspath,tmpTestImplementation
commons-logging:commons-logging:1.3.5=testRuntimeClasspath
dk.brics.automaton:automaton:1.11-8=testRuntimeClasspath,tmpTestImplementation
io.github.classgraph:classgraph:4.8.129=testCompileClasspath,testRuntimeClasspath,tmpTestImplementation
io.github.java-diff-utils:java-diff-utils:4.12=testRuntimeClasspath,tmpTestImplementation
io.github.oshai:kotlin-logging-jvm:5.1.4=testCompileClasspath
io.github.oshai:kotlin-logging-jvm:6.0.9=testRuntimeClasspath,tmpTestImplementation
io.grpc:grpc-api:1.66.0=testRuntimeClasspath,tmpTestImplementation
io.grpc:grpc-context:1.66.0=testRuntimeClasspath,tmpTestImplementation
io.grpc:grpc-core:1.66.0=testRuntimeClasspath,tmpTestImplementation
io.grpc:grpc-netty:1.66.0=testRuntimeClasspath,tmpTestImplementation
io.grpc:grpc-protobuf-lite:1.66.0=testRuntimeClasspath,tmpTestImplementation
io.grpc:grpc-protobuf:1.66.0=testRuntimeClasspath,tmpTestImplementation
io.grpc:grpc-stub:1.66.0=testRuntimeClasspath,tmpTestImplementation
io.grpc:grpc-util:1.66.0=testRuntimeClasspath,tmpTestImplementation
io.hotmoka:toml4j:0.7.3=testRuntimeClasspath,tmpTestImplementation
io.ktor:ktor-events-jvm:2.3.8=testRuntimeClasspath,tmpTestImplementation
io.ktor:ktor-events:2.3.8=testRuntimeClasspath,tmpTestImplementation
io.ktor:ktor-http-cio-jvm:2.3.8=testRuntimeClasspath,tmpTestImplementation
io.ktor:ktor-http-cio:2.3.8=testRuntimeClasspath,tmpTestImplementation
io.ktor:ktor-http-jvm:2.3.8=testRuntimeClasspath,tmpTestImplementation
io.ktor:ktor-http:2.3.8=testRuntimeClasspath,tmpTestImplementation
io.ktor:ktor-io-jvm:2.3.8=testRuntimeClasspath,tmpTestImplementation
io.ktor:ktor-io:2.3.8=testRuntimeClasspath,tmpTestImplementation
io.ktor:ktor-network-jvm:2.3.8=testRuntimeClasspath,tmpTestImplementation
io.ktor:ktor-network-tls-certificates-jvm:2.3.8=testRuntimeClasspath,tmpTestImplementation
io.ktor:ktor-network-tls-certificates:2.3.8=testRuntimeClasspath,tmpTestImplementation
io.ktor:ktor-network-tls-jvm:2.3.8=testRuntimeClasspath,tmpTestImplementation
io.ktor:ktor-network-tls:2.3.8=testRuntimeClasspath,tmpTestImplementation
io.ktor:ktor-network:2.3.8=testRuntimeClasspath,tmpTestImplementation
io.ktor:ktor-serialization-jvm:2.3.8=testRuntimeClasspath,tmpTestImplementation
io.ktor:ktor-serialization:2.3.8=testRuntimeClasspath,tmpTestImplementation
io.ktor:ktor-server-call-logging-jvm:2.3.8=testRuntimeClasspath,tmpTestImplementation
io.ktor:ktor-server-call-logging:2.3.8=testRuntimeClasspath,tmpTestImplementation
io.ktor:ktor-server-core-jvm:2.3.8=testRuntimeClasspath,tmpTestImplementation
io.ktor:ktor-server-core:2.3.8=testRuntimeClasspath,tmpTestImplementation
io.ktor:ktor-server-host-common-jvm:2.3.8=testRuntimeClasspath,tmpTestImplementation
io.ktor:ktor-server-host-common:2.3.8=testRuntimeClasspath,tmpTestImplementation
io.ktor:ktor-server-netty-jvm:2.3.8=testRuntimeClasspath,tmpTestImplementation
io.ktor:ktor-server-netty:2.3.8=testRuntimeClasspath,tmpTestImplementation
io.ktor:ktor-utils-jvm:2.3.8=testRuntimeClasspath,tmpTestImplementation
io.ktor:ktor-utils:2.3.8=testRuntimeClasspath,tmpTestImplementation
io.ktor:ktor-websockets-jvm:2.3.8=testRuntimeClasspath,tmpTestImplementation
io.ktor:ktor-websockets:2.3.8=testRuntimeClasspath,tmpTestImplementation
io.netty:netty-bom:4.2.15.Final=testCompileClasspath,testRuntimeClasspath,tmpTestImplementation
io.netty:netty-buffer:4.2.15.Final=testRuntimeClasspath,tmpTestImplementation
io.netty:netty-codec-base:4.2.15.Final=testRuntimeClasspath,tmpTestImplementation
io.netty:netty-codec-compression:4.2.15.Final=testRuntimeClasspath,tmpTestImplementation
io.netty:netty-codec-http2:4.2.15.Final=testRuntimeClasspath,tmpTestImplementation
io.netty:netty-codec-http:4.2.15.Final=testRuntimeClasspath,tmpTestImplementation
io.netty:netty-codec-socks:4.2.15.Final=testRuntimeClasspath,tmpTestImplementation
io.netty:netty-common:4.2.15.Final=testRuntimeClasspath,tmpTestImplementation
io.netty:netty-handler-proxy:4.2.15.Final=testRuntimeClasspath,tmpTestImplementation
io.netty:netty-handler:4.2.15.Final=testRuntimeClasspath,tmpTestImplementation
io.netty:netty-resolver:4.2.15.Final=testRuntimeClasspath,tmpTestImplementation
io.netty:netty-transport-classes-epoll:4.2.15.Final=testRuntimeClasspath,tmpTestImplementation
io.netty:netty-transport-classes-kqueue:4.2.15.Final=testRuntimeClasspath,tmpTestImplementation
io.netty:netty-transport-native-epoll:4.2.15.Final=testRuntimeClasspath,tmpTestImplementation
io.netty:netty-transport-native-kqueue:4.2.15.Final=testRuntimeClasspath,tmpTestImplementation
io.netty:netty-transport-native-unix-common:4.2.15.Final=testRuntimeClasspath,tmpTestImplementation
io.netty:netty-transport:4.2.15.Final=testRuntimeClasspath,tmpTestImplementation
io.pact.plugin.driver:core:0.5.1=testCompileClasspath,testRuntimeClasspath,tmpTestImplementation
io.perfmark:perfmark-api:0.27.0=testRuntimeClasspath,tmpTestImplementation
io.qameta.allure:allure-attachments:2.35.2=compileClasspath,runtimeClasspath,testCompileClasspath,testRuntimeClasspath
io.qameta.allure:allure-commandline:2.44.0=allureCommandline
io.qameta.allure:allure-java-commons:2.35.2=compileClasspath,runtimeClasspath,testCompileClasspath,testRuntimeClasspath,tmpTestImplementation
io.qameta.allure:allure-junit-platform:2.35.2=testCompileClasspath,testRuntimeClasspath,tmpTestImplementation
io.qameta.allure:allure-junit4-aspect:2.35.2=testRuntimeClasspath,tmpTestImplementation
io.qameta.allure:allure-junit4:2.35.2=testCompileClasspath,testRuntimeClasspath,tmpTestImplementation
io.qameta.allure:allure-junit5:2.35.2=testCompileClasspath,testRuntimeClasspath,tmpTestImplementation
io.qameta.allure:allure-jupiter:2.35.2=testCompileClasspath,testRuntimeClasspath,tmpTestImplementation
io.qameta.allure:allure-model:2.35.2=compileClasspath,runtimeClasspath,testCompileClasspath,testRuntimeClasspath,tmpTestImplementation
io.qameta.allure:allure-rest-assured:2.35.2=compileClasspath,runtimeClasspath,testCompileClasspath,testRuntimeClasspath
io.qameta.allure:allure-test-filter:2.35.2=testRuntimeClasspath,tmpTestImplementation
io.rest-assured:json-path:5.1.1=tmpTestImplementation
io.rest-assured:json-path:6.0.0=compileClasspath,runtimeClasspath,testCompileClasspath,testRuntimeClasspath
io.rest-assured:json-schema-validator:6.0.0=compileClasspath,runtimeClasspath,testCompileClasspath,testRuntimeClasspath
io.rest-assured:rest-assured-common:5.1.1=tmpTestImplementation
io.rest-assured:rest-assured-common:6.0.0=compileClasspath,runtimeClasspath,testCompileClasspath,testRuntimeClasspath
io.rest-assured:rest-assured:5.1.1=tmpTestImplementation
io.rest-assured:rest-assured:6.0.0=compileClasspath,runtimeClasspath,testCompileClasspath,testRuntimeClasspath
io.rest-assured:xml-path:5.1.1=tmpTestImplementation
io.rest-assured:xml-path:6.0.0=compileClasspath,runtimeClasspath,testCompileClasspath,testRuntimeClasspath
io.swagger.core.v3:swagger-annotations:2.2.34=testCompileClasspath,testRuntimeClasspath,tmpTestImplementation
io.swagger.core.v3:swagger-core:2.2.34=testCompileClasspath,testRuntimeClasspath,tmpTestImplementation
io.swagger.core.v3:swagger-models:2.2.34=testCompileClasspath,testRuntimeClasspath,tmpTestImplementation
io.swagger.parser.v3:swagger-parser-core:2.1.31=testCompileClasspath,testRuntimeClasspath,tmpTestImplementation
io.swagger.parser.v3:swagger-parser-safe-url-resolver:2.1.31=testCompileClasspath,testRuntimeClasspath,tmpTestImplementation
io.swagger.parser.v3:swagger-parser-v2-converter:2.1.31=testCompileClasspath,testRuntimeClasspath,tmpTestImplementation
io.swagger.parser.v3:swagger-parser-v3:2.1.31=testCompileClasspath,testRuntimeClasspath,tmpTestImplementation
io.swagger.parser.v3:swagger-parser:2.1.31=testCompileClasspath,testRuntimeClasspath,tmpTestImplementation
io.swagger:swagger-annotations:1.6.16=testCompileClasspath,testRuntimeClasspath,tmpTestImplementation
io.swagger:swagger-compat-spec-parser:1.0.75=testCompileClasspath,testRuntimeClasspath,tmpTestImplementation
io.swagger:swagger-core:1.6.16=testCompileClasspath,testRuntimeClasspath,tmpTestImplementation
io.swagger:swagger-models:1.6.16=testCompileClasspath,testRuntimeClasspath,tmpTestImplementation
io.swagger:swagger-parser-safe-url-resolver:1.0.75=testCompileClasspath,testRuntimeClasspath,tmpTestImplementation
io.swagger:swagger-parser:1.0.75=testCompileClasspath,testRuntimeClasspath,tmpTestImplementation
jakarta.activation:jakarta.activation-api:1.2.2=testCompileClasspath,testRuntimeClasspath,tmpTestImplementation
jakarta.validation:jakarta.validation-api:2.0.2=testCompileClasspath,testRuntimeClasspath,tmpTestImplementation
jakarta.xml.bind:jakarta.xml.bind-api:2.3.3=testCompileClasspath,testRuntimeClasspath,tmpTestImplementation
javax.activation:activation:1.1=testRuntimeClasspath,tmpTestImplementation
javax.mail:mail:1.5.0-b01=testRuntimeClasspath,tmpTestImplementation
javax.validation:validation-api:1.1.0.Final=testCompileClasspath,testRuntimeClasspath,tmpTestImplementation
jaxen:jaxen:2.0.0=spotbugs
joda-time:joda-time:2.10.5=compileClasspath,runtimeClasspath,testCompileClasspath,testRuntimeClasspath,tmpTestImplementation
junit:junit:4.13.2=testCompileClasspath,testRuntimeClasspath,tmpTestImplementation
net.bytebuddy:byte-buddy:1.18.3=testCompileClasspath,testRuntimeClasspath,tmpTestImplementation
net.datafaker:datafaker:2.5.4=testCompileClasspath,testRuntimeClasspath,tmpTestImplementation
net.java.dev.jna:jna:5.13.0=testCompileClasspath,testRuntimeClasspath,tmpTestImplementation
net.sf.jopt-simple:jopt-simple:5.0.4=compileClasspath,runtimeClasspath,testCompileClasspath,testRuntimeClasspath,tmpTestImplementation
net.sf.saxon:Saxon-HE:12.9=spotbugs
org.aeonbits.owner:owner:1.0.12=compileClasspath,runtimeClasspath,testCompileClasspath,testRuntimeClasspath
org.apache.bcel:bcel:6.11.0=spotbugs
org.apache.commons:commons-collections4:4.4=testRuntimeClasspath,tmpTestImplementation
org.apache.commons:commons-compress:1.26.0=testCompileClasspath
org.apache.commons:commons-compress:1.26.1=testRuntimeClasspath,tmpTestImplementation
org.apache.commons:commons-lang3:3.12.0=pitest
org.apache.commons:commons-lang3:3.17.0=tmpTestImplementation
org.apache.commons:commons-lang3:3.19.0=compileClasspath,runtimeClasspath,spotbugs,testCompileClasspath,testRuntimeClasspath
org.apache.commons:commons-text:1.10.0=pitest,testRuntimeClasspath,tmpTestImplementation
org.apache.commons:commons-text:1.14.0=spotbugs
org.apache.groovy:groovy-bom:4.0.18=tmpTestImplementation
org.apache.groovy:groovy-bom:5.0.3=compileClasspath,runtimeClasspath,testCompileClasspath,testRuntimeClasspath
org.apache.groovy:groovy-json:4.0.18=tmpTestImplementation
org.apache.groovy:groovy-json:5.0.3=compileClasspath,runtimeClasspath,testCompileClasspath,testRuntimeClasspath
org.apache.groovy:groovy-xml:4.0.18=tmpTestImplementation
org.apache.groovy:groovy-xml:5.0.3=compileClasspath,runtimeClasspath,testCompileClasspath,testRuntimeClasspath
org.apache.groovy:groovy:4.0.18=tmpTestImplementation
org.apache.groovy:groovy:5.0.3=compileClasspath,runtimeClasspath,testCompileClasspath,testRuntimeClasspath
org.apache.httpcomponents.client5:httpclient5-fluent:5.3.1=testCompileClasspath,testRuntimeClasspath,tmpTestImplementation
org.apache.httpcomponents.client5:httpclient5:5.3.1=testCompileClasspath,testRuntimeClasspath,tmpTestImplementation
org.apache.httpcomponents.core5:httpcore5-h2:5.2.4=testCompileClasspath,testRuntimeClasspath,tmpTestImplementation
org.apache.httpcomponents.core5:httpcore5:5.2.4=testCompileClasspath,testRuntimeClasspath,tmpTestImplementation
org.apache.httpcomponents:httpclient:4.5.13=compileClasspath,runtimeClasspath
org.apache.httpcomponents:httpclient:4.5.14=testCompileClasspath,testRuntimeClasspath,tmpTestImplementation
org.apache.httpcomponents:httpcore:4.4.13=compileClasspath,runtimeClasspath
org.apache.httpcomponents:httpcore:4.4.16=testCompileClasspath,testRuntimeClasspath,tmpTestImplementation
org.apache.httpcomponents:httpmime:4.5.13=compileClasspath,runtimeClasspath,testCompileClasspath,testRuntimeClasspath,tmpTestImplementation
org.apache.logging.log4j:log4j-api:2.25.4=spotbugs
org.apache.logging.log4j:log4j-core:2.25.4=spotbugs
org.apache.tika:tika-core:2.9.2=tmpTestImplementation
org.apache.tika:tika-core:3.2.2=testCompileClasspath,testRuntimeClasspath
org.apiguardian:apiguardian-api:1.1.2=testCompileClasspath
org.aspectj:aspectjweaver:1.9.9.1=allureAspectjWeaverAgent
org.assertj:assertj-core:3.27.7=testCompileClasspath,testRuntimeClasspath,tmpTestImplementation
org.atteo:evo-inflector:1.3=testRuntimeClasspath,tmpTestImplementation
org.ccil.cowan.tagsoup:tagsoup:1.2.1=compileClasspath,runtimeClasspath,testCompileClasspath,testRuntimeClasspath,tmpTestImplementation
org.checkerframework:checker-qual:3.37.0=spotless865459188
org.checkerframework:checker-qual:3.42.0=compileClasspath,runtimeClasspath
org.checkerframework:checker-qual:3.43.0=testCompileClasspath,testRuntimeClasspath,tmpTestImplementation
org.codehaus.mojo:animal-sniffer-annotations:1.24=testRuntimeClasspath,tmpTestImplementation
org.dom4j:dom4j:2.2.0=spotbugs
org.eclipse.jetty.alpn:alpn-api:1.1.3.v20160715=testRuntimeClasspath,tmpTestImplementation
org.freemarker:freemarker:2.3.33=runtimeClasspath,testRuntimeClasspath
org.fusesource.jansi:jansi:2.4.1=testRuntimeClasspath,tmpTestImplementation
org.hamcrest:hamcrest-core:1.3=testCompileClasspath,testRuntimeClasspath,tmpTestImplementation
org.hamcrest:hamcrest:2.1=tmpTestImplementation
org.hamcrest:hamcrest:2.2=compileClasspath,runtimeClasspath,testCompileClasspath,testRuntimeClasspath
org.jetbrains.kotlin:kotlin-bom:1.8.22=testRuntimeClasspath,tmpTestImplementation
org.jetbrains.kotlin:kotlin-reflect:1.8.22=testRuntimeClasspath,tmpTestImplementation
org.jetbrains.kotlin:kotlin-stdlib-common:1.8.22=testCompileClasspath
org.jetbrains.kotlin:kotlin-stdlib-common:1.9.23=testRuntimeClasspath,tmpTestImplementation
org.jetbrains.kotlin:kotlin-stdlib-jdk7:1.8.22=testCompileClasspath,testRuntimeClasspath,tmpTestImplementation
org.jetbrains.kotlin:kotlin-stdlib-jdk8:1.8.22=testCompileClasspath,testRuntimeClasspath,tmpTestImplementation
org.jetbrains.kotlin:kotlin-stdlib:1.8.22=testCompileClasspath
org.jetbrains.kotlin:kotlin-stdlib:1.9.23=testRuntimeClasspath,tmpTestImplementation
org.jetbrains.kotlinx:kotlinx-coroutines-bom:1.7.1=testRuntimeClasspath,tmpTestImplementation
org.jetbrains.kotlinx:kotlinx-coroutines-core-jvm:1.7.1=testRuntimeClasspath,tmpTestImplementation
org.jetbrains.kotlinx:kotlinx-coroutines-core:1.7.1=testRuntimeClasspath,tmpTestImplementation
org.jetbrains.kotlinx:kotlinx-coroutines-jdk8:1.7.1=testRuntimeClasspath,tmpTestImplementation
org.jetbrains.kotlinx:kotlinx-coroutines-slf4j:1.7.1=testRuntimeClasspath,tmpTestImplementation
org.jetbrains:annotations:17.0.0=testCompileClasspath
org.jetbrains:annotations:23.0.0=testRuntimeClasspath,tmpTestImplementation
org.json:json:20240205=testCompileClasspath,testRuntimeClasspath,tmpTestImplementation
org.junit.jupiter:junit-jupiter-api:5.10.2=testCompileClasspath
org.junit.jupiter:junit-jupiter-api:5.10.3=testRuntimeClasspath,tmpTestImplementation
org.junit.jupiter:junit-jupiter-engine:5.10.3=testRuntimeClasspath,tmpTestImplementation
org.junit.jupiter:junit-jupiter-params:5.10.2=testCompileClasspath
org.junit.jupiter:junit-jupiter-params:5.10.3=testRuntimeClasspath,tmpTestImplementation
org.junit.jupiter:junit-jupiter:5.10.2=testCompileClasspath
org.junit.jupiter:junit-jupiter:5.10.3=testRuntimeClasspath,tmpTestImplementation
org.junit.platform:junit-platform-commons:1.10.2=testCompileClasspath
org.junit.platform:junit-platform-commons:1.10.3=testRuntimeClasspath,tmpTestImplementation
org.junit.platform:junit-platform-commons:1.9.2=pitest
org.junit.platform:junit-platform-engine:1.10.3=testRuntimeClasspath,tmpTestImplementation
org.junit.platform:junit-platform-engine:1.9.2=pitest
org.junit.platform:junit-platform-launcher:1.10.3=testRuntimeClasspath,tmpTestImplementation
org.junit.platform:junit-platform-launcher:1.9.2=pitest
org.junit:junit-bom:5.10.2=testCompileClasspath
org.junit:junit-bom:5.10.3=testRuntimeClasspath,tmpTestImplementation
org.junit:junit-bom:5.14.0=spotbugs
org.junit:junit-bom:5.9.2=pitest
org.mozilla:rhino:1.7.14.1=compileClasspath,runtimeClasspath,testCompileClasspath,testRuntimeClasspath
org.mozilla:rhino:1.7.7.2=tmpTestImplementation
org.opentest4j:opentest4j:1.2.0=pitest
org.opentest4j:opentest4j:1.3.0=testCompileClasspath,testRuntimeClasspath,tmpTestImplementation
org.ow2.asm:asm-analysis:9.9=spotbugs
org.ow2.asm:asm-commons:9.9=spotbugs
org.ow2.asm:asm-tree:9.9=spotbugs
org.ow2.asm:asm-util:9.9=spotbugs
org.ow2.asm:asm:9.9=spotbugs
org.pitest:pitest-command-line:1.15.0=pitest
org.pitest:pitest-entry:1.15.0=pitest
org.pitest:pitest-junit5-plugin:1.2.1=pitest
org.pitest:pitest:1.15.0=pitest
org.projectlombok:lombok:1.18.44=annotationProcessor,compileClasspath,lombok,testAnnotationProcessor,testCompileClasspath
org.rauschig:jarchivelib:1.2.0=testRuntimeClasspath,tmpTestImplementation
org.rnorth.duct-tape:duct-tape:1.0.8=testCompileClasspath,testRuntimeClasspath,tmpTestImplementation
org.slf4j:slf4j-api:2.0.17=compileClasspath,runtimeClasspath,spotbugs,spotbugsSlf4j,testCompileClasspath,testRuntimeClasspath,tmpTestImplementation
org.slf4j:slf4j-simple:2.0.17=spotbugsSlf4j
org.testcontainers:junit-jupiter:1.19.7=testCompileClasspath,testRuntimeClasspath,tmpTestImplementation
org.testcontainers:testcontainers:1.19.7=testCompileClasspath,testRuntimeClasspath,tmpTestImplementation
org.wiremock:wiremock-standalone:3.13.2=testCompileClasspath,testRuntimeClasspath,tmpTestImplementation
org.xmlresolver:xmlresolver:5.3.3=spotbugs
org.yaml:snakeyaml:2.5=testCompileClasspath,testRuntimeClasspath,tmpTestImplementation
empty=allureGenerateCategories,allureRawResultDirs,allureReport,cyclonedxBom,spotbugsPlugins
